
Microsoft Visual Studio Solution File, Format Version 12.00
# Visual Studio 15
VisualStudioVersion = 15.0.28010.2036
MinimumVisualStudioVersion = 10.0.40219.1
Project("{FAE04EC0-301F-11D3-BF4B-00C04F79EFBC}") = "CrystalEditor.WPF", "CrystalEditor.WPF\CrystalEditor.WPF.csproj", "{0E47B7DD-FE03-4DF6-A5C9-1D999B2D0416}"
EndProject
Project("{FAE04EC0-301F-11D3-BF4B-00C04F79EFBC}") = "CrystalEditor.Core", "CrystalEditor.Core\CrystalEditor.Core.csproj", "{A3940BC7-0719-4096-80C5-18C51FA2021D}"
EndProject
Global
	GlobalSection(SolutionConfigurationPlatforms) = preSolution
		Debug|Any CPU = Debug|Any CPU
		Release|Any CPU = Release|Any CPU
	EndGlobalSection
	GlobalSection(ProjectConfigurationPlatforms) = postSolution
		{0E47B7DD-FE03-4DF6-A5C9-1D999B2D0416}.Debug|Any CPU.ActiveCfg = Debug|Any CPU
		{0E47B7DD-FE03-4DF6-A5C9-1D999B2D0416}.Debug|Any CPU.Build.0 = Debug|Any CPU
		{0E47B7DD-FE03-4DF6-A5C9-1D999B2D0416}.Release|Any CPU.ActiveCfg = Release|Any CPU
		{0E47B7DD-FE03-4DF6-A5C9-1D999B2D0416}.Release|Any CPU.Build.0 = Release|Any CPU
		{A3940BC7-0719-4096-80C5-18C51FA2021D}.Debug|Any CPU.ActiveCfg = Debug|Any CPU
		{A3940BC7-0719-4096-80C5-18C51FA2021D}.Debug|Any CPU.Build.0 = Debug|Any CPU
		{A3940BC7-0719-4096-80C5-18C51FA2021D}.Release|Any CPU.ActiveCfg = Release|Any CPU
		{A3940BC7-0719-4096-80C5-18C51FA2021D}.Release|Any CPU.Build.0 = Release|Any CPU
	EndGlobalSection
	GlobalSection(SolutionProperties) = preSolution
		HideSolutionNode = FALSE
	EndGlobalSection
	GlobalSection(ExtensibilityGlobals) = postSolution
		SolutionGuid = {C98EF184-46AC-46CE-9656-A2FFD01F9BBD}
	EndGlobalSection
EndGlobal
